{
  "projects": [
    {
      "projectId": "6vWNYa83fUnb1xHLwQwj6w",
      "version": "latest",
      "dependencies": {},
      "lang": "js",
      "fileLocks": [
        {
          "type": "globalVariant",
          "assetId": "2nLJRmJv2lDoH",
          "checksum": "a5399f20f642db5ba277d595b26231ef"
        },
        {
          "type": "renderModule",
          "assetId": "X73VYgl5Ildg",
          "checksum": "1de9923182de7c27db4b086455461161"
        },
        {
          "type": "cssRules",
          "assetId": "X73VYgl5Ildg",
          "checksum": "1de9923182de7c27db4b086455461161"
        },
        {
          "type": "renderModule",
          "assetId": "Rnk6lkY_vgm",
          "checksum": "3196e5c819381abce7faad41ca7d8dff"
        },
        {
          "type": "cssRules",
          "assetId": "Rnk6lkY_vgm",
          "checksum": "3196e5c819381abce7faad41ca7d8dff"
        },
        {
          "type": "icon",
          "assetId": "jnS_z8IIBmf",
          "checksum": "efcb8ad0b5ff1d49b710e97cecad323c"
        },
        {
          "type": "icon",
          "assetId": "gzz4LHJ1nAh",
          "checksum": "f2f4234f0addde3fd16b7f9649719554"
        },
        {
          "type": "renderModule",
          "assetId": "-_EzUKxm9F",
          "checksum": "e4c52d83470a0308068b40c7aae9d046"
        },
        {
          "type": "cssRules",
          "assetId": "-_EzUKxm9F",
          "checksum": "e4c52d83470a0308068b40c7aae9d046"
        },
        {
          "type": "renderModule",
          "assetId": "T-Lluoe_WDP",
          "checksum": "79b2ec6196420db3e677236de91e1d07"
        },
        {
          "type": "cssRules",
          "assetId": "T-Lluoe_WDP",
          "checksum": "79b2ec6196420db3e677236de91e1d07"
        },
        {
          "type": "renderModule",
          "assetId": "PDvHQgVe60q",
          "checksum": "308f813176bbb63364670bd478992e02"
        },
        {
          "type": "cssRules",
          "assetId": "PDvHQgVe60q",
          "checksum": "308f813176bbb63364670bd478992e02"
        },
        {
          "type": "icon",
          "assetId": "1W5NpnL9eV",
          "checksum": "455e89bb63b0655921d3918a1b199703"
        },
        {
          "type": "icon",
          "assetId": "Wbdap43hEFP",
          "checksum": "cb403d0911d56a43972c07015dc952bb"
        },
        {
          "type": "icon",
          "assetId": "3Q3Jr_19h9H",
          "checksum": "bbc50ceb16de1880f6d83216d05f5edd"
        },
        {
          "type": "icon",
          "assetId": "9Kxe10dvjKo",
          "checksum": "927606c05575ffa15f9d9aceb3e94f13"
        },
        {
          "type": "icon",
          "assetId": "KUgTV225EQc",
          "checksum": "c78648a7d64d2634d0086710a4aa30ca"
        },
        {
          "type": "icon",
          "assetId": "zJHPJ297gtH",
          "checksum": "8710fbe38f869accc512b2185a9a8ab7"
        },
        {
          "type": "icon",
          "assetId": "ZLCjyf-arm9",
          "checksum": "c6466b99306aa92639e23a0ee1032564"
        },
        {
          "type": "icon",
          "assetId": "yWQXGpU1eP",
          "checksum": "c04eca79650d4a268f1c4089806c1d20"
        },
        {
          "type": "image",
          "assetId": "NwWmXYY0M5f",
          "checksum": "2af7059e5c015c7e38c26a22bff0bfe2"
        },
        {
          "type": "image",
          "assetId": "wy_JxJSjY-i",
          "checksum": "d4ddebe81dbf93c45da5811396ada649"
        },
        {
          "type": "image",
          "assetId": "Hsul6J8KWyQ",
          "checksum": "973b6c4ad9f9fd40bb509a58990f389d"
        },
        {
          "type": "image",
          "assetId": "YYkNqCLnQ_G",
          "checksum": "fd854d76988b84338dff266ff5a33113"
        },
        {
          "type": "image",
          "assetId": "9rIc2nNX51I",
          "checksum": "3df35b622e4c8d253cbc6c13edfb78e9"
        },
        {
          "type": "image",
          "assetId": "9YgiFOPK9_p",
          "checksum": "2c9fb1ee83ac689a0f370049a859e052"
        },
        {
          "type": "image",
          "assetId": "D3DsclcwO",
          "checksum": "41759b0b1ddd0ef8b571978c889570fb"
        },
        {
          "type": "renderModule",
          "assetId": "AKtXDN2Ajt",
          "checksum": "12a26e7be0ed7f95494d6c280263f855"
        },
        {
          "type": "cssRules",
          "assetId": "AKtXDN2Ajt",
          "checksum": "12a26e7be0ed7f95494d6c280263f855"
        },
        {
          "assetId": "6vWNYa83fUnb1xHLwQwj6w",
          "type": "projectCss",
          "checksum": "5fdc2e766c7ea35bf498cdb835cf601e"
        }
      ],
      "codegenVersion": "0.0.1"
    }
  ],
  "cliVersion": "0.1.178"
}
