{
  "projects": [
    {
      "projectId": "6vWNYa83fUnb1xHLwQwj6w",
      "version": "latest",
      "dependencies": {
        "szjgMQpPpxhmkjnaBvZQJG": "2.8.0",
        "84wxoth5npGrp6RRXPL88z": "4.8.0",
        "58GpZjZCWTaJ8AUhpCwt2K": "3.8.0",
        "28Ba3BDvRe7EiWdfFNnLB6": "2.12.2"
      },
      "lang": "js",
      "fileLocks": [
        {
          "type": "globalVariant",
          "assetId": "2nLJRmJv2lDoH",
          "checksum": "e41162ecbc3fb3ac6c0e6304dbd475fd"
        },
        {
          "type": "renderModule",
          "assetId": "X73VYgl5Ildg",
          "checksum": "532e0c720d368956fbff798659ba3178"
        },
        {
          "type": "cssRules",
          "assetId": "X73VYgl5Ildg",
          "checksum": "532e0c720d368956fbff798659ba3178"
        },
        {
          "type": "renderModule",
          "assetId": "Rnk6lkY_vgm",
          "checksum": "24e6ce36bfb121a77d5d8445a9e0c6f3"
        },
        {
          "type": "cssRules",
          "assetId": "Rnk6lkY_vgm",
          "checksum": "24e6ce36bfb121a77d5d8445a9e0c6f3"
        },
        {
          "type": "icon",
          "assetId": "jnS_z8IIBmf",
          "checksum": "efcb8ad0b5ff1d49b710e97cecad323c"
        },
        {
          "type": "icon",
          "assetId": "gzz4LHJ1nAh",
          "checksum": "f2f4234f0addde3fd16b7f9649719554"
        },
        {
          "type": "renderModule",
          "assetId": "-_EzUKxm9F",
          "checksum": "c16c0688e82bb6a01fbc6fd561a50316"
        },
        {
          "type": "cssRules",
          "assetId": "-_EzUKxm9F",
          "checksum": "c16c0688e82bb6a01fbc6fd561a50316"
        },
        {
          "type": "renderModule",
          "assetId": "T-Lluoe_WDP",
          "checksum": "9b0976eadca861f586e8b7f863558bcd"
        },
        {
          "type": "cssRules",
          "assetId": "T-Lluoe_WDP",
          "checksum": "9b0976eadca861f586e8b7f863558bcd"
        },
        {
          "type": "renderModule",
          "assetId": "PDvHQgVe60q",
          "checksum": "e4add432fc322459f6d638ea19af1398"
        },
        {
          "type": "cssRules",
          "assetId": "PDvHQgVe60q",
          "checksum": "e4add432fc322459f6d638ea19af1398"
        },
        {
          "type": "icon",
          "assetId": "1W5NpnL9eV",
          "checksum": "455e89bb63b0655921d3918a1b199703"
        },
        {
          "type": "icon",
          "assetId": "Wbdap43hEFP",
          "checksum": "cb403d0911d56a43972c07015dc952bb"
        },
        {
          "type": "icon",
          "assetId": "3Q3Jr_19h9H",
          "checksum": "bbc50ceb16de1880f6d83216d05f5edd"
        },
        {
          "type": "icon",
          "assetId": "9Kxe10dvjKo",
          "checksum": "927606c05575ffa15f9d9aceb3e94f13"
        },
        {
          "type": "icon",
          "assetId": "KUgTV225EQc",
          "checksum": "c78648a7d64d2634d0086710a4aa30ca"
        },
        {
          "type": "icon",
          "assetId": "zJHPJ297gtH",
          "checksum": "8710fbe38f869accc512b2185a9a8ab7"
        },
        {
          "type": "icon",
          "assetId": "ZLCjyf-arm9",
          "checksum": "c6466b99306aa92639e23a0ee1032564"
        },
        {
          "type": "icon",
          "assetId": "yWQXGpU1eP",
          "checksum": "c04eca79650d4a268f1c4089806c1d20"
        },
        {
          "type": "image",
          "assetId": "NwWmXYY0M5f",
          "checksum": "2af7059e5c015c7e38c26a22bff0bfe2"
        },
        {
          "type": "image",
          "assetId": "wy_JxJSjY-i",
          "checksum": "d4ddebe81dbf93c45da5811396ada649"
        },
        {
          "type": "image",
          "assetId": "Hsul6J8KWyQ",
          "checksum": "973b6c4ad9f9fd40bb509a58990f389d"
        },
        {
          "type": "image",
          "assetId": "YYkNqCLnQ_G",
          "checksum": "fd854d76988b84338dff266ff5a33113"
        },
        {
          "type": "image",
          "assetId": "9rIc2nNX51I",
          "checksum": "3df35b622e4c8d253cbc6c13edfb78e9"
        },
        {
          "type": "image",
          "assetId": "9YgiFOPK9_p",
          "checksum": "2c9fb1ee83ac689a0f370049a859e052"
        },
        {
          "type": "image",
          "assetId": "D3DsclcwO",
          "checksum": "41759b0b1ddd0ef8b571978c889570fb"
        },
        {
          "type": "renderModule",
          "assetId": "AKtXDN2Ajt",
          "checksum": "2c1d84c35f93fbc0cef0ef151dcf275c"
        },
        {
          "type": "cssRules",
          "assetId": "AKtXDN2Ajt",
          "checksum": "2c1d84c35f93fbc0cef0ef151dcf275c"
        },
        {
          "assetId": "6vWNYa83fUnb1xHLwQwj6w",
          "checksum": "2a16b060ade573d5255ddabd2d00eb7d",
          "type": "globalContexts"
        },
        {
          "type": "renderModule",
          "assetId": "sZ5tR8uREH",
          "checksum": "0cb50a40aef58d6b649dd8466375a220"
        },
        {
          "type": "cssRules",
          "assetId": "sZ5tR8uREH",
          "checksum": "0cb50a40aef58d6b649dd8466375a220"
        },
        {
          "type": "renderModule",
          "assetId": "aMBO0vTjkqh",
          "checksum": "866e5c3d57a057b16113306542c08229"
        },
        {
          "type": "cssRules",
          "assetId": "aMBO0vTjkqh",
          "checksum": "866e5c3d57a057b16113306542c08229"
        },
        {
          "type": "renderModule",
          "assetId": "5qSewSMVf0",
          "checksum": "ee2d2749e4ea1a257a0b12014049587c"
        },
        {
          "type": "cssRules",
          "assetId": "5qSewSMVf0",
          "checksum": "ee2d2749e4ea1a257a0b12014049587c"
        },
        {
          "type": "icon",
          "assetId": "W5Fg7djZ3c",
          "checksum": "2e665cd97063acf4585f8fbfcb90497b"
        },
        {
          "type": "icon",
          "assetId": "6f_pGPPg5-",
          "checksum": "d98b63470fbb866b8de18a601a052d52"
        },
        {
          "type": "renderModule",
          "assetId": "Cw2jS9gr3z",
          "checksum": "75efde415edb8860204e21bd0631fc91"
        },
        {
          "type": "cssRules",
          "assetId": "Cw2jS9gr3z",
          "checksum": "75efde415edb8860204e21bd0631fc91"
        },
        {
          "assetId": "6vWNYa83fUnb1xHLwQwj6w",
          "type": "projectCss",
          "checksum": "abcbb23d58d54f1f1c71b1bd6975d6ed"
        }
      ],
      "codegenVersion": "0.0.1"
    },
    {
      "projectId": "58GpZjZCWTaJ8AUhpCwt2K",
      "version": "3.8.0",
      "dependencies": {},
      "lang": "js",
      "fileLocks": [
        {
          "assetId": "58GpZjZCWTaJ8AUhpCwt2K",
          "type": "projectCss",
          "checksum": "dbf25c878cd885da8866557c058b53ff"
        }
      ],
      "codegenVersion": "0.0.1"
    },
    {
      "projectId": "84wxoth5npGrp6RRXPL88z",
      "version": "4.8.0",
      "dependencies": {},
      "lang": "js",
      "fileLocks": [
        {
          "assetId": "84wxoth5npGrp6RRXPL88z",
          "checksum": "d5dcbb72688a7935971d853f790bc38e",
          "type": "globalContexts"
        },
        {
          "assetId": "84wxoth5npGrp6RRXPL88z",
          "type": "projectCss",
          "checksum": "19d873a43cd29ae40e2d9c68ba437a3e"
        }
      ],
      "codegenVersion": "0.0.1"
    },
    {
      "projectId": "szjgMQpPpxhmkjnaBvZQJG",
      "version": "2.8.0",
      "dependencies": {},
      "lang": "js",
      "fileLocks": [
        {
          "assetId": "szjgMQpPpxhmkjnaBvZQJG",
          "type": "projectCss",
          "checksum": "f79d5c445a5793a8dd0b52ee8fc9a720"
        }
      ],
      "codegenVersion": "0.0.1"
    },
    {
      "projectId": "28Ba3BDvRe7EiWdfFNnLB6",
      "version": "2.12.2",
      "dependencies": {},
      "lang": "js",
      "fileLocks": [
        {
          "assetId": "28Ba3BDvRe7EiWdfFNnLB6",
          "type": "projectCss",
          "checksum": "740650b05472db4e42801b334405144a"
        }
      ],
      "codegenVersion": "0.0.1"
    }
  ],
  "cliVersion": "0.1.178"
}
